
Microsoft Visual Studio Solution File, Format Version 12.00
# Visual Studio Version 17
VisualStudioVersion = 17.8.34330.188
MinimumVisualStudioVersion = 10.0.40219.1
Project("{FAE04EC0-301F-11D3-BF4B-00C04F79EFBC}") = "AP1_GSB_DINH", "AP1_GSB_DINH\AP1_GSB_DINH.csproj", "{AF99E2D1-C8DD-4EAD-B246-EA701EC612BB}"
EndProject
Global
	GlobalSection(SolutionConfigurationPlatforms) = preSolution
		Debug|Any CPU = Debug|Any CPU
		Release|Any CPU = Release|Any CPU
	EndGlobalSection
	GlobalSection(ProjectConfigurationPlatforms) = postSolution
		{AF99E2D1-C8DD-4EAD-B246-EA701EC612BB}.Debug|Any CPU.ActiveCfg = Debug|Any CPU
		{AF99E2D1-C8DD-4EAD-B246-EA701EC612BB}.Debug|Any CPU.Build.0 = Debug|Any CPU
		{AF99E2D1-C8DD-4EAD-B246-EA701EC612BB}.Release|Any CPU.ActiveCfg = Release|Any CPU
		{AF99E2D1-C8DD-4EAD-B246-EA701EC612BB}.Release|Any CPU.Build.0 = Release|Any CPU
	EndGlobalSection
	GlobalSection(SolutionProperties) = preSolution
		HideSolutionNode = FALSE
	EndGlobalSection
	GlobalSection(ExtensibilityGlobals) = postSolution
		SolutionGuid = {B60ACB71-8F27-4A9C-BBF0-3C8C2398FB26}
	EndGlobalSection
EndGlobal
